PODS:
  - CocoaLumberjack (2.0.3):
    - CocoaLumberjack/Default (= 2.0.3)
    - CocoaLumberjack/Extensions (= 2.0.3)
  - CocoaLumberjack/Core (2.0.3)
  - CocoaLumberjack/Default (2.0.3):
    - CocoaLumberjack/Core
  - CocoaLumberjack/Extensions (2.0.3):
    - CocoaLumberjack/Default
  - ValueCoding (1.0.1)
  - YapDatabase (2.7.3):
    - YapDatabase/standard (= 2.7.3)
  - YapDatabase/standard (2.7.3):
    - CocoaLumberjack (~> 2)
  - YapDatabaseExtensions (2.1.3):
    - ValueCoding (~> 1)
    - YapDatabase (~> 2)
    - YapDatabaseExtensions/Persitable (= 2.1.3)
  - YapDatabaseExtensions/Core (2.1.3):
    - ValueCoding (~> 1)
    - YapDatabase (~> 2)
  - YapDatabaseExtensions/Functional (2.1.3):
    - ValueCoding (~> 1)
    - YapDatabase (~> 2)
    - YapDatabaseExtensions/Core
  - YapDatabaseExtensions/Persitable (2.1.3):
    - ValueCoding (~> 1)
    - YapDatabase (~> 2)
    - YapDatabaseExtensions/Functional

DEPENDENCIES:
  - YapDatabaseExtensions (from `https://github.com/danthorpe/YapDatabaseExtensions`,
    branch `development`)

EXTERNAL SOURCES:
  YapDatabaseExtensions:
    :branch: development
    :git: https://github.com/danthorpe/YapDatabaseExtensions

CHECKOUT OPTIONS:
  YapDatabaseExtensions:
    :commit: a22395d607ae263a3be0717d7e9c41b956c22aad
    :git: https://github.com/danthorpe/YapDatabaseExtensions

SPEC CHECKSUMS:
  CocoaLumberjack: f58d8a19629f4d8379ae14bb3534def24161430e
  ValueCoding: fc021813824387d66e3ac7ea0dff7cc5910dc0a4
  YapDatabase: 6d6a30e97face6c3158830823c27614afe83e1e0
  YapDatabaseExtensions: 96bebce39c8defbba90c907318cffcd5551a8c59

COCOAPODS: 0.39.0
