// !$*UTF8*$!
{
	archiveVersion = 1;
	classes = {
	};
	objectVersion = 46;
	objects = {

/* Begin PBXBuildFile section */
		65FB1AAB1ADFF574004FEB63 /* AppDelegate.swift in Sources */ = {isa = PBXBuildFile; fileRef = 65FB1AAA1ADFF574004FEB63 /* AppDelegate.swift */; };
		65FB1AAD1ADFF574004FEB63 /* ViewController.swift in Sources */ = {isa = PBXBuildFile; fileRef = 65FB1AAC1ADFF574004FEB63 /* ViewController.swift */; };
		65FB1AB01ADFF574004FEB63 /* Main.storyboard in Resources */ = {isa = PBXBuildFile; fileRef = 65FB1AAE1ADFF574004FEB63 /* Main.storyboard */; };
		65FB1AB21ADFF574004FEB63 /* Images.xcassets in Resources */ = {isa = PBXBuildFile; fileRef = 65FB1AB11ADFF574004FEB63 /* Images.xcassets */; };
		65FB1AB51ADFF574004FEB63 /* LaunchScreen.xib in Resources */ = {isa = PBXBuildFile; fileRef = 65FB1AB31ADFF574004FEB63 /* LaunchScreen.xib */; };
		65FB1ACB1ADFF5FD004FEB63 /* Models.swift in Sources */ = {isa = PBXBuildFile; fileRef = 65FB1ACA1ADFF5FD004FEB63 /* Models.swift */; };
		8CB4034C33347B60E2872289 /* Pods_Datasources.framework in Frameworks */ = {isa = PBXBuildFile; fileRef = 7CD884B61C9545C9DF4BAC00 /* Pods_Datasources.framework */; };
/* End PBXBuildFile section */

/* Begin PBXFileReference section */
		48178EACEF4EC2F2C9EAADC1 /* Pods-Datasources.release.xcconfig */ = {isa = PBXFileReference; includeInIndex = 1; lastKnownFileType = text.xcconfig; name = "Pods-Datasources.release.xcconfig"; path = "Pods/Target Support Files/Pods-Datasources/Pods-Datasources.release.xcconfig"; sourceTree = "<group>"; };
		585BB2CDB082E7375589D9E2 /* Pods.release.xcconfig */ = {isa = PBXFileReference; includeInIndex = 1; lastKnownFileType = text.xcconfig; name = Pods.release.xcconfig; path = "Pods/Target Support Files/Pods/Pods.release.xcconfig"; sourceTree = "<group>"; };
		5DB36A4DB3A3EFAF6E449CCA /* Pods.debug.xcconfig */ = {isa = PBXFileReference; includeInIndex = 1; lastKnownFileType = text.xcconfig; name = Pods.debug.xcconfig; path = "Pods/Target Support Files/Pods/Pods.debug.xcconfig"; sourceTree = "<group>"; };
		62D48EB4FFC6E265B98C471A /* Pods_DatasourcesTests.framework */ = {isa = PBXFileReference; explicitFileType = wrapper.framework; includeInIndex = 0; path = Pods_DatasourcesTests.framework; sourceTree = BUILT_PRODUCTS_DIR; };
		65FB1AA51ADFF574004FEB63 /* Datasources.app */ = {isa = PBXFileReference; explicitFileType = wrapper.application; includeInIndex = 0; path = Datasources.app; sourceTree = BUILT_PRODUCTS_DIR; };
		65FB1AA91ADFF574004FEB63 /* Info.plist */ = {isa = PBXFileReference; lastKnownFileType = text.plist.xml; path = Info.plist; sourceTree = "<group>"; };
		65FB1AAA1ADFF574004FEB63 /* AppDelegate.swift */ = {isa = PBXFileReference; lastKnownFileType = sourcecode.swift; path = AppDelegate.swift; sourceTree = "<group>"; };
		65FB1AAC1ADFF574004FEB63 /* ViewController.swift */ = {isa = PBXFileReference; lastKnownFileType = sourcecode.swift; path = ViewController.swift; sourceTree = "<group>"; };
		65FB1AAF1ADFF574004FEB63 /* Base */ = {isa = PBXFileReference; lastKnownFileType = file.storyboard; name = Base; path = Base.lproj/Main.storyboard; sourceTree = "<group>"; };
		65FB1AB11ADFF574004FEB63 /* Images.xcassets */ = {isa = PBXFileReference; lastKnownFileType = folder.assetcatalog; path = Images.xcassets; sourceTree = "<group>"; };
		65FB1AB41ADFF574004FEB63 /* Base */ = {isa = PBXFileReference; lastKnownFileType = file.xib; name = Base; path = Base.lproj/LaunchScreen.xib; sourceTree = "<group>"; };
		65FB1ACA1ADFF5FD004FEB63 /* Models.swift */ = {isa = PBXFileReference; fileEncoding = 4; lastKnownFileType = sourcecode.swift; path = Models.swift; sourceTree = "<group>"; };
		6E5CB0F02126B423866B55B3 /* Pods-Datasources.debug.xcconfig */ = {isa = PBXFileReference; includeInIndex = 1; lastKnownFileType = text.xcconfig; name = "Pods-Datasources.debug.xcconfig"; path = "Pods/Target Support Files/Pods-Datasources/Pods-Datasources.debug.xcconfig"; sourceTree = "<group>"; };
		7B3F4A7FA43ED04472CE2463 /* Pods-DatasourcesTests.debug.xcconfig */ = {isa = PBXFileReference; includeInIndex = 1; lastKnownFileType = text.xcconfig; name = "Pods-DatasourcesTests.debug.xcconfig"; path = "Pods/Target Support Files/Pods-DatasourcesTests/Pods-DatasourcesTests.debug.xcconfig"; sourceTree = "<group>"; };
		7CD884B61C9545C9DF4BAC00 /* Pods_Datasources.framework */ = {isa = PBXFileReference; explicitFileType = wrapper.framework; includeInIndex = 0; path = Pods_Datasources.framework; sourceTree = BUILT_PRODUCTS_DIR; };
		A5362C721C2FC13100768A3F /* Pods.framework */ = {isa = PBXFileReference; explicitFileType = wrapper.framework; includeInIndex = 0; path = Pods.framework; sourceTree = BUILT_PRODUCTS_DIR; };
		BA93D0FB19C12DF98A99750A /* Pods-DatasourcesTests.release.xcconfig */ = {isa = PBXFileReference; includeInIndex = 1; lastKnownFileType = text.xcconfig; name = "Pods-DatasourcesTests.release.xcconfig"; path = "Pods/Target Support Files/Pods-DatasourcesTests/Pods-DatasourcesTests.release.xcconfig"; sourceTree = "<group>"; };
/* End PBXFileReference section */

/* Begin PBXFrameworksBuildPhase section */
		65FB1AA21ADFF574004FEB63 /* Frameworks */ = {
			isa = PBXFrameworksBuildPhase;
			buildActionMask = 2147483647;
			files = (
				8CB4034C33347B60E2872289 /* Pods_Datasources.framework in Frameworks */,
			);
			runOnlyForDeploymentPostprocessing = 0;
		};
/* End PBXFrameworksBuildPhase section */

/* Begin PBXGroup section */
		114A9046DBADBAD087E345EF /* Pods */ = {
			isa = PBXGroup;
			children = (
				6E5CB0F02126B423866B55B3 /* Pods-Datasources.debug.xcconfig */,
				48178EACEF4EC2F2C9EAADC1 /* Pods-Datasources.release.xcconfig */,
				7B3F4A7FA43ED04472CE2463 /* Pods-DatasourcesTests.debug.xcconfig */,
				BA93D0FB19C12DF98A99750A /* Pods-DatasourcesTests.release.xcconfig */,
				5DB36A4DB3A3EFAF6E449CCA /* Pods.debug.xcconfig */,
				585BB2CDB082E7375589D9E2 /* Pods.release.xcconfig */,
			);
			name = Pods;
			sourceTree = "<group>";
		};
		5D6AB13BB91401D186EABBCB /* Frameworks */ = {
			isa = PBXGroup;
			children = (
				7CD884B61C9545C9DF4BAC00 /* Pods_Datasources.framework */,
				62D48EB4FFC6E265B98C471A /* Pods_DatasourcesTests.framework */,
				A5362C721C2FC13100768A3F /* Pods.framework */,
			);
			name = Frameworks;
			sourceTree = "<group>";
		};
		65FB1A9C1ADFF574004FEB63 = {
			isa = PBXGroup;
			children = (
				65FB1AA71ADFF574004FEB63 /* Datasources */,
				65FB1AA61ADFF574004FEB63 /* Products */,
				114A9046DBADBAD087E345EF /* Pods */,
				5D6AB13BB91401D186EABBCB /* Frameworks */,
			);
			sourceTree = "<group>";
		};
		65FB1AA61ADFF574004FEB63 /* Products */ = {
			isa = PBXGroup;
			children = (
				65FB1AA51ADFF574004FEB63 /* Datasources.app */,
			);
			name = Products;
			sourceTree = "<group>";
		};
		65FB1AA71ADFF574004FEB63 /* Datasources */ = {
			isa = PBXGroup;
			children = (
				65FB1AAA1ADFF574004FEB63 /* AppDelegate.swift */,
				65FB1ACA1ADFF5FD004FEB63 /* Models.swift */,
				65FB1AAC1ADFF574004FEB63 /* ViewController.swift */,
				65FB1AB11ADFF574004FEB63 /* Images.xcassets */,
				65FB1AB31ADFF574004FEB63 /* LaunchScreen.xib */,
				65FB1AAE1ADFF574004FEB63 /* Main.storyboard */,
				65FB1AA81ADFF574004FEB63 /* Supporting Files */,
			);
			path = Datasources;
			sourceTree = "<group>";
		};
		65FB1AA81ADFF574004FEB63 /* Supporting Files */ = {
			isa = PBXGroup;
			children = (
				65FB1AA91ADFF574004FEB63 /* Info.plist */,
			);
			name = "Supporting Files";
			sourceTree = "<group>";
		};
/* End PBXGroup section */

/* Begin PBXNativeTarget section */
		65FB1AA41ADFF574004FEB63 /* Datasources */ = {
			isa = PBXNativeTarget;
			buildConfigurationList = 65FB1AC41ADFF574004FEB63 /* Build configuration list for PBXNativeTarget "Datasources" */;
			buildPhases = (
				6D01BFD2804CAB8AA28C22AC /* Check Pods Manifest.lock */,
				65FB1AA11ADFF574004FEB63 /* Sources */,
				65FB1AA21ADFF574004FEB63 /* Frameworks */,
				65FB1AA31ADFF574004FEB63 /* Resources */,
				F8244049DBB6AE379DA8F7E6 /* Embed Pods Frameworks */,
				0FABE7E019AD8E6D83E99F2A /* Copy Pods Resources */,
			);
			buildRules = (
			);
			dependencies = (
			);
			name = Datasources;
			productName = Datasources;
			productReference = 65FB1AA51ADFF574004FEB63 /* Datasources.app */;
			productType = "com.apple.product-type.application";
		};
/* End PBXNativeTarget section */

/* Begin PBXProject section */
		65FB1A9D1ADFF574004FEB63 /* Project object */ = {
			isa = PBXProject;
			attributes = {
				LastSwiftUpdateCheck = 0700;
				LastUpgradeCheck = 0700;
				ORGANIZATIONNAME = "Daniel Thorpe";
				TargetAttributes = {
					65FB1AA41ADFF574004FEB63 = {
						CreatedOnToolsVersion = 6.3;
					};
				};
			};
			buildConfigurationList = 65FB1AA01ADFF574004FEB63 /* Build configuration list for PBXProject "Datasources" */;
			compatibilityVersion = "Xcode 3.2";
			developmentRegion = English;
			hasScannedForEncodings = 0;
			knownRegions = (
				en,
				Base,
			);
			mainGroup = 65FB1A9C1ADFF574004FEB63;
			productRefGroup = 65FB1AA61ADFF574004FEB63 /* Products */;
			projectDirPath = "";
			projectRoot = "";
			targets = (
				65FB1AA41ADFF574004FEB63 /* Datasources */,
			);
		};
/* End PBXProject section */

/* Begin PBXResourcesBuildPhase section */
		65FB1AA31ADFF574004FEB63 /* Resources */ = {
			isa = PBXResourcesBuildPhase;
			buildActionMask = 2147483647;
			files = (
				65FB1AB01ADFF574004FEB63 /* Main.storyboard in Resources */,
				65FB1AB51ADFF574004FEB63 /* LaunchScreen.xib in Resources */,
				65FB1AB21ADFF574004FEB63 /* Images.xcassets in Resources */,
			);
			runOnlyForDeploymentPostprocessing = 0;
		};
/* End PBXResourcesBuildPhase section */

/* Begin PBXShellScriptBuildPhase section */
		0FABE7E019AD8E6D83E99F2A /* Copy Pods Resources */ = {
			isa = PBXShellScriptBuildPhase;
			buildActionMask = 2147483647;
			files = (
			);
			inputPaths = (
			);
			name = "Copy Pods Resources";
			outputPaths = (
			);
			runOnlyForDeploymentPostprocessing = 0;
			shellPath = /bin/sh;
			shellScript = "\"${SRCROOT}/Pods/Target Support Files/Pods-Datasources/Pods-Datasources-resources.sh\"\n";
			showEnvVarsInLog = 0;
		};
		6D01BFD2804CAB8AA28C22AC /* Check Pods Manifest.lock */ = {
			isa = PBXShellScriptBuildPhase;
			buildActionMask = 2147483647;
			files = (
			);
			inputPaths = (
			);
			name = "Check Pods Manifest.lock";
			outputPaths = (
			);
			runOnlyForDeploymentPostprocessing = 0;
			shellPath = /bin/sh;
			shellScript = "diff \"${PODS_ROOT}/../Podfile.lock\" \"${PODS_ROOT}/Manifest.lock\" > /dev/null\nif [[ $? != 0 ]] ; then\n    cat << EOM\nerror: The sandbox is not in sync with the Podfile.lock. Run 'pod install' or update your CocoaPods installation.\nEOM\n    exit 1\nfi\n";
		};
		F8244049DBB6AE379DA8F7E6 /* Embed Pods Frameworks */ = {
			isa = PBXShellScriptBuildPhase;
			buildActionMask = 2147483647;
			files = (
			);
			inputPaths = (
			);
			name = "Embed Pods Frameworks";
			outputPaths = (
			);
			runOnlyForDeploymentPostprocessing = 0;
			shellPath = /bin/sh;
			shellScript = "\"${SRCROOT}/Pods/Target Support Files/Pods-Datasources/Pods-Datasources-frameworks.sh\"\n";
			showEnvVarsInLog = 0;
		};
/* End PBXShellScriptBuildPhase section */

/* Begin PBXSourcesBuildPhase section */
		65FB1AA11ADFF574004FEB63 /* Sources */ = {
			isa = PBXSourcesBuildPhase;
			buildActionMask = 2147483647;
			files = (
				65FB1ACB1ADFF5FD004FEB63 /* Models.swift in Sources */,
				65FB1AAD1ADFF574004FEB63 /* ViewController.swift in Sources */,
				65FB1AAB1ADFF574004FEB63 /* AppDelegate.swift in Sources */,
			);
			runOnlyForDeploymentPostprocessing = 0;
		};
/* End PBXSourcesBuildPhase section */

/* Begin PBXVariantGroup section */
		65FB1AAE1ADFF574004FEB63 /* Main.storyboard */ = {
			isa = PBXVariantGroup;
			children = (
				65FB1AAF1ADFF574004FEB63 /* Base */,
			);
			name = Main.storyboard;
			sourceTree = "<group>";
		};
		65FB1AB31ADFF574004FEB63 /* LaunchScreen.xib */ = {
			isa = PBXVariantGroup;
			children = (
				65FB1AB41ADFF574004FEB63 /* Base */,
			);
			name = LaunchScreen.xib;
			sourceTree = "<group>";
		};
/* End PBXVariantGroup section */

/* Begin XCBuildConfiguration section */
		65FB1AC21ADFF574004FEB63 /* Debug */ = {
			isa = XCBuildConfiguration;
			buildSettings = {
				ALWAYS_SEARCH_USER_PATHS = NO;
				CLANG_CXX_LANGUAGE_STANDARD = "gnu++0x";
				CLANG_CXX_LIBRARY = "libc++";
				CLANG_ENABLE_MODULES = YES;
				CLANG_ENABLE_OBJC_ARC = YES;
				CLANG_WARN_BOOL_CONVERSION = YES;
				CLANG_WARN_CONSTANT_CONVERSION = YES;
				CLANG_WARN_DIRECT_OBJC_ISA_USAGE = YES_ERROR;
				CLANG_WARN_EMPTY_BODY = YES;
				CLANG_WARN_ENUM_CONVERSION = YES;
				CLANG_WARN_INT_CONVERSION = YES;
				CLANG_WARN_OBJC_ROOT_CLASS = YES_ERROR;
				CLANG_WARN_UNREACHABLE_CODE = YES;
				CLANG_WARN__DUPLICATE_METHOD_MATCH = YES;
				"CODE_SIGN_IDENTITY[sdk=iphoneos*]" = "iPhone Developer";
				COPY_PHASE_STRIP = NO;
				DEBUG_INFORMATION_FORMAT = "dwarf-with-dsym";
				ENABLE_BITCODE = NO;
				ENABLE_STRICT_OBJC_MSGSEND = YES;
				ENABLE_TESTABILITY = YES;
				GCC_C_LANGUAGE_STANDARD = gnu99;
				GCC_DYNAMIC_NO_PIC = NO;
				GCC_NO_COMMON_BLOCKS = YES;
				GCC_OPTIMIZATION_LEVEL = 0;
				GCC_PREPROCESSOR_DEFINITIONS = (
					"DEBUG=1",
					"$(inherited)",
				);
				GCC_SYMBOLS_PRIVATE_EXTERN = NO;
				GCC_WARN_64_TO_32_BIT_CONVERSION = YES;
				GCC_WARN_ABOUT_RETURN_TYPE = YES_ERROR;
				GCC_WARN_UNDECLARED_SELECTOR = YES;
				GCC_WARN_UNINITIALIZED_AUTOS = YES_AGGRESSIVE;
				GCC_WARN_UNUSED_FUNCTION = YES;
				GCC_WARN_UNUSED_VARIABLE = YES;
				IPHONEOS_DEPLOYMENT_TARGET = 8.3;
				MTL_ENABLE_DEBUG_INFO = YES;
				ONLY_ACTIVE_ARCH = YES;
				SDKROOT = iphoneos;
				SWIFT_OPTIMIZATION_LEVEL = "-Onone";
				TARGETED_DEVICE_FAMILY = "1,2";
			};
			name = Debug;
		};
		65FB1AC31ADFF574004FEB63 /* Release */ = {
			isa = XCBuildConfiguration;
			buildSettings = {
				ALWAYS_SEARCH_USER_PATHS = NO;
				CLANG_CXX_LANGUAGE_STANDARD = "gnu++0x";
				CLANG_CXX_LIBRARY = "libc++";
				CLANG_ENABLE_MODULES = YES;
				CLANG_ENABLE_OBJC_ARC = YES;
				CLANG_WARN_BOOL_CONVERSION = YES;
				CLANG_WARN_CONSTANT_CONVERSION = YES;
				CLANG_WARN_DIRECT_OBJC_ISA_USAGE = YES_ERROR;
				CLANG_WARN_EMPTY_BODY = YES;
				CLANG_WARN_ENUM_CONVERSION = YES;
				CLANG_WARN_INT_CONVERSION = YES;
				CLANG_WARN_OBJC_ROOT_CLASS = YES_ERROR;
				CLANG_WARN_UNREACHABLE_CODE = YES;
				CLANG_WARN__DUPLICATE_METHOD_MATCH = YES;
				"CODE_SIGN_IDENTITY[sdk=iphoneos*]" = "iPhone Developer";
				COPY_PHASE_STRIP = NO;
				DEBUG_INFORMATION_FORMAT = "dwarf-with-dsym";
				ENABLE_BITCODE = NO;
				ENABLE_NS_ASSERTIONS = NO;
				ENABLE_STRICT_OBJC_MSGSEND = YES;
				GCC_C_LANGUAGE_STANDARD = gnu99;
				GCC_NO_COMMON_BLOCKS = YES;
				GCC_WARN_64_TO_32_BIT_CONVERSION = YES;
				GCC_WARN_ABOUT_RETURN_TYPE = YES_ERROR;
				GCC_WARN_UNDECLARED_SELECTOR = YES;
				GCC_WARN_UNINITIALIZED_AUTOS = YES_AGGRESSIVE;
				GCC_WARN_UNUSED_FUNCTION = YES;
				GCC_WARN_UNUSED_VARIABLE = YES;
				IPHONEOS_DEPLOYMENT_TARGET = 8.3;
				MTL_ENABLE_DEBUG_INFO = NO;
				SDKROOT = iphoneos;
				TARGETED_DEVICE_FAMILY = "1,2";
				VALIDATE_PRODUCT = YES;
			};
			name = Release;
		};
		65FB1AC51ADFF574004FEB63 /* Debug */ = {
			isa = XCBuildConfiguration;
			baseConfigurationReference = 6E5CB0F02126B423866B55B3 /* Pods-Datasources.debug.xcconfig */;
			buildSettings = {
				ASSETCATALOG_COMPILER_APPICON_NAME = AppIcon;
				INFOPLIST_FILE = Datasources/Info.plist;
				LD_RUNPATH_SEARCH_PATHS = "$(inherited) @executable_path/Frameworks";
				PRODUCT_BUNDLE_IDENTIFIER = "me.danthorpe.$(PRODUCT_NAME:rfc1034identifier)";
				PRODUCT_NAME = "$(TARGET_NAME)";
			};
			name = Debug;
		};
		65FB1AC61ADFF574004FEB63 /* Release */ = {
			isa = XCBuildConfiguration;
			baseConfigurationReference = 48178EACEF4EC2F2C9EAADC1 /* Pods-Datasources.release.xcconfig */;
			buildSettings = {
				ASSETCATALOG_COMPILER_APPICON_NAME = AppIcon;
				INFOPLIST_FILE = Datasources/Info.plist;
				LD_RUNPATH_SEARCH_PATHS = "$(inherited) @executable_path/Frameworks";
				PRODUCT_BUNDLE_IDENTIFIER = "me.danthorpe.$(PRODUCT_NAME:rfc1034identifier)";
				PRODUCT_NAME = "$(TARGET_NAME)";
			};
			name = Release;
		};
/* End XCBuildConfiguration section */

/* Begin XCConfigurationList section */
		65FB1AA01ADFF574004FEB63 /* Build configuration list for PBXProject "Datasources" */ = {
			isa = XCConfigurationList;
			buildConfigurations = (
				65FB1AC21ADFF574004FEB63 /* Debug */,
				65FB1AC31ADFF574004FEB63 /* Release */,
			);
			defaultConfigurationIsVisible = 0;
			defaultConfigurationName = Release;
		};
		65FB1AC41ADFF574004FEB63 /* Build configuration list for PBXNativeTarget "Datasources" */ = {
			isa = XCConfigurationList;
			buildConfigurations = (
				65FB1AC51ADFF574004FEB63 /* Debug */,
				65FB1AC61ADFF574004FEB63 /* Release */,
			);
			defaultConfigurationIsVisible = 0;
			defaultConfigurationName = Release;
		};
/* End XCConfigurationList section */
	};
	rootObject = 65FB1A9D1ADFF574004FEB63 /* Project object */;
}
