PODS:
  - CocoaLumberjack (2.0.1):
    - CocoaLumberjack/Default (= 2.0.1)
    - CocoaLumberjack/Extensions (= 2.0.1)
  - CocoaLumberjack/Core (2.0.1)
  - CocoaLumberjack/Default (2.0.1):
    - CocoaLumberjack/Core
  - CocoaLumberjack/Extensions (2.0.1):
    - CocoaLumberjack/Default
  - DateTools (1.6.1)
  - TaylorSource/Base (0.15.2)
  - TaylorSource/YapDatabase (0.15.2):
    - TaylorSource/Base
    - YapDatabase (~> 2.7)
    - YapDatabaseExtensions (~> 1)
  - YapDatabase (2.7.2):
    - YapDatabase/standard (= 2.7.2)
  - YapDatabase/standard (2.7.2):
    - CocoaLumberjack (~> 2)
  - YapDatabaseExtensions (1.7.0):
    - YapDatabase (~> 2.6)
    - YapDatabaseExtensions/Common (= 1.7.0)
  - YapDatabaseExtensions/Common (1.7.0):
    - YapDatabase (~> 2.6)

DEPENDENCIES:
  - DateTools
  - TaylorSource/YapDatabase (from `../../`)

EXTERNAL SOURCES:
  TaylorSource:
    :path: "../../"

SPEC CHECKSUMS:
  CocoaLumberjack: 019d1361244274a6138c788c6cb80baabc13fb8f
  DateTools: 9bcc89e4f2f9004d8a7a2bd1b49269cf78968e65
  TaylorSource: 4b2c0c2397faa77240d3d582dff88b45ed33d7e7
  YapDatabase: bcf13bd764ab4961fb48bef937becf964e50063d
  YapDatabaseExtensions: 965af51194785f0d5c53aad4554f746b1b4fdbae

COCOAPODS: 0.38.2
