PODS:
  - CocoaLumberjack (1.9.2):
    - CocoaLumberjack/Extensions (= 1.9.2)
  - CocoaLumberjack/Core (1.9.2)
  - CocoaLumberjack/Extensions (1.9.2):
    - CocoaLumberjack/Core
  - FlickrKit (1.0.5)
  - HanekeSwift (0.9.1)
  - TaylorSource/Base (0.14.0)
  - TaylorSource/YapDatabase (0.14.0):
    - TaylorSource/Base
    - YapDatabase (~> 2.6)
    - YapDatabaseExtensions (~> 1.5.0)
  - YapDatabase (2.6.5):
    - YapDatabase/standard (= 2.6.5)
  - YapDatabase/standard (2.6.5):
    - CocoaLumberjack (~> 1)
  - YapDatabaseExtensions (1.5.0):
    - YapDatabase (~> 2.6)
    - YapDatabaseExtensions/Common (= 1.5.0)
  - YapDatabaseExtensions/Common (1.5.0):
    - YapDatabase (~> 2.6)

DEPENDENCIES:
  - FlickrKit (~> 1.0.5)
  - HanekeSwift
  - TaylorSource/YapDatabase (from `../../`)

EXTERNAL SOURCES:
  TaylorSource:
    :path: "../../"

SPEC CHECKSUMS:
  CocoaLumberjack: 628fca2e88ef06f7cf6817309aa405f325d9a6fa
  FlickrKit: fc0ed009c5cb69db4d82e68f7acb02002ebe1a42
  HanekeSwift: 50d37bfbc4432edc649167e538c259feccb4a2bb
  TaylorSource: f3cc99d5c55295d48a79d92cd86cfe745ce3ff00
  YapDatabase: 814f9ff862a95c1e581d93335a4020482b69155b
  YapDatabaseExtensions: 78d968b16ac81b458f49abd976aabc0f36808e27

COCOAPODS: 0.37.2
